{
  "name": "front-vue",
  "version": "1.0.0",
  "lockfileVersion": 2,
  "requires": true,
  "packages": {
    "": {
      "name": "front-vue",
      "version": "1.0.0",
      "license": "ISC",
      "dependencies": {
        "notp": "^2.0.3"
      }
    },
    "node_modules/notp": {
      "version": "2.0.3",
      "resolved": "https://registry.npmjs.org/notp/-/notp-2.0.3.tgz",
      "integrity": "sha1-qf0R4lz+HMs5/GaJVE7kwQ75pXc=",
      "engines": {
        "node": "> v0.6.0"
      }
    }
  },
  "dependencies": {
    "notp": {
      "version": "2.0.3",
      "resolved": "https://registry.npmjs.org/notp/-/notp-2.0.3.tgz",
      "integrity": "sha1-qf0R4lz+HMs5/GaJVE7kwQ75pXc="
    }
  }
}
